lockVersion: 2.0.0
id: de0345f3-2756-4415-852c-a34657f4e97f
management:
  docChecksum: 00fb26b79e0b331dba9b9e9a3ce89dc8
  docVersion: 0.1.0
  speakeasyVersion: 1.351.0
  generationVersion: 2.384.1
  releaseVersion: 0.6.0
  configChecksum: 7402711c7e3f026cf2ffe8b053195040
features:
  go:
    additionalDependencies: 0.1.0
    constsAndDefaults: 0.1.4
    core: 3.5.2
    defaultEnabledRetries: 0.2.0
    envVarSecurityUsage: 0.2.1
    globalSecurity: 2.82.9
    globalSecurityCallbacks: 0.1.0
    globalServerURLs: 2.82.2
    intellisenseMarkdownSupport: 0.1.0
    nullables: 0.1.0
    oauth2ClientCredentials: 0.1.1
    responseFormat: 0.1.2
    retries: 2.83.0
    sdkHooks: 0.1.0
    unions: 2.85.8
generatedFiles:
  - v1.go
  - wallets.go
  - formance.go
  - go.mod
  - models/sdkerrors/sdkerror.go
  - retry/config.go
  - types/bigint.go
  - types/date.go
  - types/datetime.go
  - types/decimal.go
  - types/pointers.go
  - internal/utils/contenttype.go
  - internal/utils/form.go
  - internal/utils/headers.go
  - internal/utils/json.go
  - internal/utils/pathparams.go
  - internal/utils/queryparams.go
  - internal/utils/requestbody.go
  - internal/utils/retries.go
  - internal/utils/security.go
  - internal/utils/utils.go
  - /models/operations/getserverinfo.go
  - /models/operations/gettransactions.go
  - /models/operations/listwallets.go
  - /models/operations/createwallet.go
  - /models/operations/getwallet.go
  - /models/operations/updatewallet.go
  - /models/operations/getwalletsummary.go
  - /models/operations/listbalances.go
  - /models/operations/createbalance.go
  - /models/operations/getbalance.go
  - /models/operations/debitwallet.go
  - /models/operations/creditwallet.go
  - /models/operations/getholds.go
  - /models/operations/gethold.go
  - /models/operations/confirmhold.go
  - /models/operations/voidhold.go
  - /models/components/errorresponse.go
  - /models/components/serverinfo.go
  - /models/components/httpmetadata.go
  - /models/components/gettransactionsresponse.go
  - /models/components/transaction.go
  - /models/components/volume.go
  - /models/components/posting.go
  - /models/components/listwalletsresponse.go
  - /models/components/wallet.go
  - /models/components/assetholder.go
  - /models/components/createwalletresponse.go
  - /models/components/createwalletrequest.go
  - /models/components/getwalletresponse.go
  - /models/components/walletwithbalances.go
  - /models/components/getwalletsummaryresponse.go
  - /models/components/balancewithassets.go
  - /models/components/listbalancesresponse.go
  - /models/components/balance.go
  - /models/components/createbalanceresponse.go
  - /models/components/createbalancerequest.go
  - /models/components/getbalanceresponse.go
  - /models/components/debitwalletresponse.go
  - /models/components/hold.go
  - /models/components/subject.go
  - /models/components/ledgeraccountsubject.go
  - /models/components/walletsubject.go
  - /models/components/debitwalletrequest.go
  - /models/components/monetary.go
  - /models/components/creditwalletrequest.go
  - /models/components/getholdsresponse.go
  - /models/components/getholdresponse.go
  - /models/components/expandeddebithold.go
  - /models/components/confirmholdrequest.go
  - /models/components/security.go
  - docs/models/operations/getserverinforesponse.md
  - docs/models/operations/gettransactionsrequest.md
  - docs/models/operations/gettransactionsresponse.md
  - docs/models/operations/listwalletsrequest.md
  - docs/models/operations/listwalletsresponse.md
  - docs/models/operations/createwalletrequest.md
  - docs/models/operations/createwalletresponse.md
  - docs/models/operations/getwalletrequest.md
  - docs/models/operations/getwalletresponse.md
  - docs/models/operations/updatewalletrequestbody.md
  - docs/models/operations/updatewalletrequest.md
  - docs/models/operations/updatewalletresponse.md
  - docs/models/operations/getwalletsummaryrequest.md
  - docs/models/operations/getwalletsummaryresponse.md
  - docs/models/operations/listbalancesrequest.md
  - docs/models/operations/listbalancesresponse.md
  - docs/models/operations/createbalancerequest.md
  - docs/models/operations/createbalanceresponse.md
  - docs/models/operations/getbalancerequest.md
  - docs/models/operations/getbalanceresponse.md
  - docs/models/operations/debitwalletrequest.md
  - docs/models/operations/debitwalletresponse.md
  - docs/models/operations/creditwalletrequest.md
  - docs/models/operations/creditwalletresponse.md
  - docs/models/operations/getholdsrequest.md
  - docs/models/operations/getholdsresponse.md
  - docs/models/operations/getholdrequest.md
  - docs/models/operations/getholdresponse.md
  - docs/models/operations/confirmholdrequest.md
  - docs/models/operations/confirmholdresponse.md
  - docs/models/operations/voidholdrequest.md
  - docs/models/operations/voidholdresponse.md
  - docs/models/components/errorcode.md
  - docs/models/components/errorresponse.md
  - docs/models/components/serverinfo.md
  - docs/models/components/httpmetadata.md
  - docs/models/components/cursor.md
  - docs/models/components/gettransactionsresponse.md
  - docs/models/components/transaction.md
  - docs/models/components/volume.md
  - docs/models/components/posting.md
  - docs/models/components/listwalletsresponsecursor.md
  - docs/models/components/listwalletsresponse.md
  - docs/models/components/balances.md
  - docs/models/components/wallet.md
  - docs/models/components/assetholder.md
  - docs/models/components/createwalletresponse.md
  - docs/models/components/createwalletrequest.md
  - docs/models/components/getwalletresponse.md
  - docs/models/components/walletwithbalancesbalances.md
  - docs/models/components/walletwithbalances.md
  - docs/models/components/getwalletsummaryresponse.md
  - docs/models/components/balancewithassets.md
  - docs/models/components/listbalancesresponsecursor.md
  - docs/models/components/listbalancesresponse.md
  - docs/models/components/balance.md
  - docs/models/components/createbalanceresponse.md
  - docs/models/components/createbalancerequest.md
  - docs/models/components/getbalanceresponse.md
  - docs/models/components/debitwalletresponse.md
  - docs/models/components/hold.md
  - docs/models/components/subject.md
  - docs/models/components/ledgeraccountsubject.md
  - docs/models/components/walletsubject.md
  - docs/models/components/debitwalletrequest.md
  - docs/models/components/monetary.md
  - docs/models/components/creditwalletrequest.md
  - docs/models/components/getholdsresponsecursor.md
  - docs/models/components/getholdsresponse.md
  - docs/models/components/getholdresponse.md
  - docs/models/components/expandeddebithold.md
  - docs/models/components/confirmholdrequest.md
  - docs/models/components/security.md
  - docs/sdks/formance/README.md
  - docs/sdks/wallets/README.md
  - docs/models/operations/option.md
  - docs/sdks/v1/README.md
  - USAGE.md
  - models/operations/options.go
  - .gitattributes
  - internal/hooks/hooks.go
  - internal/hooks/clientcredentials.go
  - CONTRIBUTING.md
